
Microsoft Visual Studio Solution File, Format Version 12.00
# Visual Studio Version 17
VisualStudioVersion = 17.9.34607.119
MinimumVisualStudioVersion = 10.0.40219.1
Project("{9A19103F-16F7-4668-BE54-9A1E7A4F7556}") = "IntegrationTests", "IntegrationTests\IntegrationTests.csproj", "{C3186E8C-A01C-46A3-BB70-0433374822C2}"
EndProject
Global
	GlobalSection(SolutionConfigurationPlatforms) = preSolution
		Debug|Any CPU = Debug|Any CPU
		Release|Any CPU = Release|Any CPU
	EndGlobalSection
	GlobalSection(ProjectConfigurationPlatforms) = postSolution
		{C3186E8C-A01C-46A3-BB70-0433374822C2}.Debug|Any CPU.ActiveCfg = Debug|Any CPU
		{C3186E8C-A01C-46A3-BB70-0433374822C2}.Debug|Any CPU.Build.0 = Debug|Any CPU
		{C3186E8C-A01C-46A3-BB70-0433374822C2}.Release|Any CPU.ActiveCfg = Release|Any CPU
		{C3186E8C-A01C-46A3-BB70-0433374822C2}.Release|Any CPU.Build.0 = Release|Any CPU
	EndGlobalSection
	GlobalSection(SolutionProperties) = preSolution
		HideSolutionNode = FALSE
	EndGlobalSection
	GlobalSection(ExtensibilityGlobals) = postSolution
		SolutionGuid = {F4C35D56-1D95-4EF7-ACF7-4319177A048E}
	EndGlobalSection
EndGlobal
